
Microsoft Visual Studio Solution File, Format Version 12.00
# Visual Studio Version 17
VisualStudioVersion = 17.14.36623.8 d17.14
MinimumVisualStudioVersion = 10.0.40219.1
Project("{FAE04EC0-301F-11D3-BF4B-00C04F79EFBC}") = "Desafio.API", "Desafio.API.csproj", "{3B71B470-1995-4C6D-A2D7-D7371645CFFB}"
EndProject
Project("{FAE04EC0-301F-11D3-BF4B-00C04F79EFBC}") = "Desafio.Data", "..\Desafio.Data\Desafio.Data.csproj", "{0EB3DFD6-9865-45FC-B820-7769CF4B917D}"
EndProject
Project("{FAE04EC0-301F-11D3-BF4B-00C04F79EFBC}") = "Desafio.Business", "..\Desafio.Business\Desafio.Business.csproj", "{A289151D-327F-4AA5-9F71-38AA598C9B7D}"
EndProject
Global
	GlobalSection(SolutionConfigurationPlatforms) = preSolution
		Debug|Any CPU = Debug|Any CPU
		Release|Any CPU = Release|Any CPU
	EndGlobalSection
	GlobalSection(ProjectConfigurationPlatforms) = postSolution
		{3B71B470-1995-4C6D-A2D7-D7371645CFFB}.Debug|Any CPU.ActiveCfg = Debug|Any CPU
		{3B71B470-1995-4C6D-A2D7-D7371645CFFB}.Debug|Any CPU.Build.0 = Debug|Any CPU
		{3B71B470-1995-4C6D-A2D7-D7371645CFFB}.Release|Any CPU.ActiveCfg = Release|Any CPU
		{3B71B470-1995-4C6D-A2D7-D7371645CFFB}.Release|Any CPU.Build.0 = Release|Any CPU
		{0EB3DFD6-9865-45FC-B820-7769CF4B917D}.Debug|Any CPU.ActiveCfg = Debug|Any CPU
		{0EB3DFD6-9865-45FC-B820-7769CF4B917D}.Debug|Any CPU.Build.0 = Debug|Any CPU
		{0EB3DFD6-9865-45FC-B820-7769CF4B917D}.Release|Any CPU.ActiveCfg = Release|Any CPU
		{0EB3DFD6-9865-45FC-B820-7769CF4B917D}.Release|Any CPU.Build.0 = Release|Any CPU
		{A289151D-327F-4AA5-9F71-38AA598C9B7D}.Debug|Any CPU.ActiveCfg = Debug|Any CPU
		{A289151D-327F-4AA5-9F71-38AA598C9B7D}.Debug|Any CPU.Build.0 = Debug|Any CPU
		{A289151D-327F-4AA5-9F71-38AA598C9B7D}.Release|Any CPU.ActiveCfg = Release|Any CPU
		{A289151D-327F-4AA5-9F71-38AA598C9B7D}.Release|Any CPU.Build.0 = Release|Any CPU
	EndGlobalSection
	GlobalSection(SolutionProperties) = preSolution
		HideSolutionNode = FALSE
	EndGlobalSection
	GlobalSection(ExtensibilityGlobals) = postSolution
		SolutionGuid = {30FCAFD5-9178-4B61-9C5C-E9AC4B600AD6}
	EndGlobalSection
EndGlobal
